// !$*UTF8*$!
{
	archiveVersion = 1;
	classes = {
	};
	objectVersion = 48;
	objects = {

/* Begin PBXBuildFile section */
		B0329E1E207CAD69007DB9FD /* AppDelegate.m in Sources */ = {isa = PBXBuildFile; fileRef = B0329E1D207CAD69007DB9FD /* AppDelegate.m */; };
		B0329E21207CAD69007DB9FD /* ViewController.m in Sources */ = {isa = PBXBuildFile; fileRef = B0329E20207CAD69007DB9FD /* ViewController.m */; };
		B0329E24207CAD69007DB9FD /* Main.storyboard in Resources */ = {isa = PBXBuildFile; fileRef = B0329E22207CAD69007DB9FD /* Main.storyboard */; };
		B0329E26207CAD69007DB9FD /* Assets.xcassets in Resources */ = {isa = PBXBuildFile; fileRef = B0329E25207CAD69007DB9FD /* Assets.xcassets */; };
		B0329E29207CAD69007DB9FD /* LaunchScreen.storyboard in Resources */ = {isa = PBXBuildFile; fileRef = B0329E27207CAD69007DB9FD /* LaunchScreen.storyboard */; };
		B0329E2C207CAD69007DB9FD /* main.m in Sources */ = {isa = PBXBuildFile; fileRef = B0329E2B207CAD69007DB9FD /* main.m */; };
		B0329E36207CAD69007DB9FD /* ZPMAPMDemoTests.m in Sources */ = {isa = PBXBuildFile; fileRef = B0329E35207CAD69007DB9FD /* ZPMAPMDemoTests.m */; };
/* End PBXBuildFile section */

/* Begin PBXContainerItemProxy section */
		B0329E32207CAD69007DB9FD /* PBXContainerItemProxy */ = {
			isa = PBXContainerItemProxy;
			containerPortal = B0329E11207CAD69007DB9FD /* Project object */;
			proxyType = 1;
			remoteGlobalIDString = B0329E18207CAD69007DB9FD;
			remoteInfo = ZPMAPMDemo;
		};
/* End PBXContainerItemProxy section */

/* Begin PBXFileReference section */
		B0329E19207CAD69007DB9FD /* ZPMAPMDemo.app */ = {isa = PBXFileReference; explicitFileType = wrapper.application; includeInIndex = 0; path = ZPMAPMDemo.app; sourceTree = BUILT_PRODUCTS_DIR; };
		B0329E1C207CAD69007DB9FD /* AppDelegate.h */ = {isa = PBXFileReference; lastKnownFileType = sourcecode.c.h; path = AppDelegate.h; sourceTree = "<group>"; };
		B0329E1D207CAD69007DB9FD /* AppDelegate.m */ = {isa = PBXFileReference; lastKnownFileType = sourcecode.c.objc; path = AppDelegate.m; sourceTree = "<group>"; };
		B0329E1F207CAD69007DB9FD /* ViewController.h */ = {isa = PBXFileReference; lastKnownFileType = sourcecode.c.h; path = ViewController.h; sourceTree = "<group>"; };
		B0329E20207CAD69007DB9FD /* ViewController.m */ = {isa = PBXFileReference; lastKnownFileType = sourcecode.c.objc; path = ViewController.m; sourceTree = "<group>"; };
		B0329E23207CAD69007DB9FD /* Base */ = {isa = PBXFileReference; lastKnownFileType = file.storyboard; name = Base; path = Base.lproj/Main.storyboard; sourceTree = "<group>"; };
		B0329E25207CAD69007DB9FD /* Assets.xcassets */ = {isa = PBXFileReference; lastKnownFileType = folder.assetcatalog; path = Assets.xcassets; sourceTree = "<group>"; };
		B0329E28207CAD69007DB9FD /* Base */ = {isa = PBXFileReference; lastKnownFileType = file.storyboard; name = Base; path = Base.lproj/LaunchScreen.storyboard; sourceTree = "<group>"; };
		B0329E2A207CAD69007DB9FD /* Info.plist */ = {isa = PBXFileReference; lastKnownFileType = text.plist.xml; path = Info.plist; sourceTree = "<group>"; };
		B0329E2B207CAD69007DB9FD /* main.m */ = {isa = PBXFileReference; lastKnownFileType = sourcecode.c.objc; path = main.m; sourceTree = "<group>"; };
		B0329E31207CAD69007DB9FD /* ZPMAPMDemoTests.xctest */ = {isa = PBXFileReference; explicitFileType = wrapper.cfbundle; includeInIndex = 0; path = ZPMAPMDemoTests.xctest; sourceTree = BUILT_PRODUCTS_DIR; };
		B0329E35207CAD69007DB9FD /* ZPMAPMDemoTests.m */ = {isa = PBXFileReference; lastKnownFileType = sourcecode.c.objc; path = ZPMAPMDemoTests.m; sourceTree = "<group>"; };
		B0329E37207CAD69007DB9FD /* Info.plist */ = {isa = PBXFileReference; lastKnownFileType = text.plist.xml; path = Info.plist; sourceTree = "<group>"; };
/* End PBXFileReference section */

/* Begin PBXFrameworksBuildPhase section */
		B0329E16207CAD69007DB9FD /* Frameworks */ = {
			isa = PBXFrameworksBuildPhase;
			buildActionMask = 2147483647;
			files = (
			);
			runOnlyForDeploymentPostprocessing = 0;
		};
		B0329E2E207CAD69007DB9FD /* Frameworks */ = {
			isa = PBXFrameworksBuildPhase;
			buildActionMask = 2147483647;
			files = (
			);
			runOnlyForDeploymentPostprocessing = 0;
		};
/* End PBXFrameworksBuildPhase section */

/* Begin PBXGroup section */
		B0329E10207CAD69007DB9FD = {
			isa = PBXGroup;
			children = (
				B0329E1B207CAD69007DB9FD /* ZPMAPMDemo */,
				B0329E34207CAD69007DB9FD /* ZPMAPMDemoTests */,
				B0329E1A207CAD69007DB9FD /* Products */,
			);
			sourceTree = "<group>";
		};
		B0329E1A207CAD69007DB9FD /* Products */ = {
			isa = PBXGroup;
			children = (
				B0329E19207CAD69007DB9FD /* ZPMAPMDemo.app */,
				B0329E31207CAD69007DB9FD /* ZPMAPMDemoTests.xctest */,
			);
			name = Products;
			sourceTree = "<group>";
		};
		B0329E1B207CAD69007DB9FD /* ZPMAPMDemo */ = {
			isa = PBXGroup;
			children = (
				B0329E1C207CAD69007DB9FD /* AppDelegate.h */,
				B0329E1D207CAD69007DB9FD /* AppDelegate.m */,
				B0329E1F207CAD69007DB9FD /* ViewController.h */,
				B0329E20207CAD69007DB9FD /* ViewController.m */,
				B0329E22207CAD69007DB9FD /* Main.storyboard */,
				B0329E25207CAD69007DB9FD /* Assets.xcassets */,
				B0329E27207CAD69007DB9FD /* LaunchScreen.storyboard */,
				B0329E2A207CAD69007DB9FD /* Info.plist */,
				B0329E2B207CAD69007DB9FD /* main.m */,
			);
			path = ZPMAPMDemo;
			sourceTree = "<group>";
		};
		B0329E34207CAD69007DB9FD /* ZPMAPMDemoTests */ = {
			isa = PBXGroup;
			children = (
				B0329E35207CAD69007DB9FD /* ZPMAPMDemoTests.m */,
				B0329E37207CAD69007DB9FD /* Info.plist */,
			);
			path = ZPMAPMDemoTests;
			sourceTree = "<group>";
		};
/* End PBXGroup section */

/* Begin PBXNativeTarget section */
		B0329E18207CAD69007DB9FD /* ZPMAPMDemo */ = {
			isa = PBXNativeTarget;
			buildConfigurationList = B0329E3A207CAD69007DB9FD /* Build configuration list for PBXNativeTarget "ZPMAPMDemo" */;
			buildPhases = (
				B0329E15207CAD69007DB9FD /* Sources */,
				B0329E16207CAD69007DB9FD /* Frameworks */,
				B0329E17207CAD69007DB9FD /* Resources */,
			);
			buildRules = (
			);
			dependencies = (
			);
			name = ZPMAPMDemo;
			productName = ZPMAPMDemo;
			productReference = B0329E19207CAD69007DB9FD /* ZPMAPMDemo.app */;
			productType = "com.apple.product-type.application";
		};
		B0329E30207CAD69007DB9FD /* ZPMAPMDemoTests */ = {
			isa = PBXNativeTarget;
			buildConfigurationList = B0329E3D207CAD69007DB9FD /* Build configuration list for PBXNativeTarget "ZPMAPMDemoTests" */;
			buildPhases = (
				B0329E2D207CAD69007DB9FD /* Sources */,
				B0329E2E207CAD69007DB9FD /* Frameworks */,
				B0329E2F207CAD69007DB9FD /* Resources */,
			);
			buildRules = (
			);
			dependencies = (
				B0329E33207CAD69007DB9FD /* PBXTargetDependency */,
			);
			name = ZPMAPMDemoTests;
			productName = ZPMAPMDemoTests;
			productReference = B0329E31207CAD69007DB9FD /* ZPMAPMDemoTests.xctest */;
			productType = "com.apple.product-type.bundle.unit-test";
		};
/* End PBXNativeTarget section */

/* Begin PBXProject section */
		B0329E11207CAD69007DB9FD /* Project object */ = {
			isa = PBXProject;
			attributes = {
				LastUpgradeCheck = 0910;
				ORGANIZATIONNAME = ZhaoPin;
				TargetAttributes = {
					B0329E18207CAD69007DB9FD = {
						CreatedOnToolsVersion = 9.1;
						ProvisioningStyle = Automatic;
					};
					B0329E30207CAD69007DB9FD = {
						CreatedOnToolsVersion = 9.1;
						ProvisioningStyle = Automatic;
						TestTargetID = B0329E18207CAD69007DB9FD;
					};
				};
			};
			buildConfigurationList = B0329E14207CAD69007DB9FD /* Build configuration list for PBXProject "ZPMAPMDemo" */;
			compatibilityVersion = "Xcode 8.0";
			developmentRegion = en;
			hasScannedForEncodings = 0;
			knownRegions = (
				en,
				Base,
			);
			mainGroup = B0329E10207CAD69007DB9FD;
			productRefGroup = B0329E1A207CAD69007DB9FD /* Products */;
			projectDirPath = "";
			projectRoot = "";
			targets = (
				B0329E18207CAD69007DB9FD /* ZPMAPMDemo */,
				B0329E30207CAD69007DB9FD /* ZPMAPMDemoTests */,
			);
		};
/* End PBXProject section */

/* Begin PBXResourcesBuildPhase section */
		B0329E17207CAD69007DB9FD /* Resources */ = {
			isa = PBXResourcesBuildPhase;
			buildActionMask = 2147483647;
			files = (
				B0329E29207CAD69007DB9FD /* LaunchScreen.storyboard in Resources */,
				B0329E26207CAD69007DB9FD /* Assets.xcassets in Resources */,
				B0329E24207CAD69007DB9FD /* Main.storyboard in Resources */,
			);
			runOnlyForDeploymentPostprocessing = 0;
		};
		B0329E2F207CAD69007DB9FD /* Resources */ = {
			isa = PBXResourcesBuildPhase;
			buildActionMask = 2147483647;
			files = (
			);
			runOnlyForDeploymentPostprocessing = 0;
		};
/* End PBXResourcesBuildPhase section */

/* Begin PBXSourcesBuildPhase section */
		B0329E15207CAD69007DB9FD /* Sources */ = {
			isa = PBXSourcesBuildPhase;
			buildActionMask = 2147483647;
			files = (
				B0329E21207CAD69007DB9FD /* ViewController.m in Sources */,
				B0329E2C207CAD69007DB9FD /* main.m in Sources */,
				B0329E1E207CAD69007DB9FD /* AppDelegate.m in Sources */,
			);
			runOnlyForDeploymentPostprocessing = 0;
		};
		B0329E2D207CAD69007DB9FD /* Sources */ = {
			isa = PBXSourcesBuildPhase;
			buildActionMask = 2147483647;
			files = (
				B0329E36207CAD69007DB9FD /* ZPMAPMDemoTests.m in Sources */,
			);
			runOnlyForDeploymentPostprocessing = 0;
		};
/* End PBXSourcesBuildPhase section */

/* Begin PBXTargetDependency section */
		B0329E33207CAD69007DB9FD /* PBXTargetDependency */ = {
			isa = PBXTargetDependency;
			target = B0329E18207CAD69007DB9FD /* ZPMAPMDemo */;
			targetProxy = B0329E32207CAD69007DB9FD /* PBXContainerItemProxy */;
		};
/* End PBXTargetDependency section */

/* Begin PBXVariantGroup section */
		B0329E22207CAD69007DB9FD /* Main.storyboard */ = {
			isa = PBXVariantGroup;
			children = (
				B0329E23207CAD69007DB9FD /* Base */,
			);
			name = Main.storyboard;
			sourceTree = "<group>";
		};
		B0329E27207CAD69007DB9FD /* LaunchScreen.storyboard */ = {
			isa = PBXVariantGroup;
			children = (
				B0329E28207CAD69007DB9FD /* Base */,
			);
			name = LaunchScreen.storyboard;
			sourceTree = "<group>";
		};
/* End PBXVariantGroup section */

/* Begin XCBuildConfiguration section */
		B0329E38207CAD69007DB9FD /* Debug */ = {
			isa = XCBuildConfiguration;
			buildSettings = {
				ALWAYS_SEARCH_USER_PATHS = NO;
				CLANG_ANALYZER_NONNULL = YES;
				CLANG_ANALYZER_NUMBER_OBJECT_CONVERSION = YES_AGGRESSIVE;
				CLANG_CXX_LANGUAGE_STANDARD = "gnu++14";
				CLANG_CXX_LIBRARY = "libc++";
				CLANG_ENABLE_MODULES = YES;
				CLANG_ENABLE_OBJC_ARC = YES;
				CLANG_WARN_BLOCK_CAPTURE_AUTORELEASING = YES;
				CLANG_WARN_BOOL_CONVERSION = YES;
				CLANG_WARN_COMMA = YES;
				CLANG_WARN_CONSTANT_CONVERSION = YES;
				CLANG_WARN_DIRECT_OBJC_ISA_USAGE = YES_ERROR;
				CLANG_WARN_DOCUMENTATION_COMMENTS = YES;
				CLANG_WARN_EMPTY_BODY = YES;
				CLANG_WARN_ENUM_CONVERSION = YES;
				CLANG_WARN_INFINITE_RECURSION = YES;
				CLANG_WARN_INT_CONVERSION = YES;
				CLANG_WARN_NON_LITERAL_NULL_CONVERSION = YES;
				CLANG_WARN_OBJC_LITERAL_CONVERSION = YES;
				CLANG_WARN_OBJC_ROOT_CLASS = YES_ERROR;
				CLANG_WARN_RANGE_LOOP_ANALYSIS = YES;
				CLANG_WARN_STRICT_PROTOTYPES = YES;
				CLANG_WARN_SUSPICIOUS_MOVE = YES;
				CLANG_WARN_UNGUARDED_AVAILABILITY = YES_AGGRESSIVE;
				CLANG_WARN_UNREACHABLE_CODE = YES;
				CLANG_WARN__DUPLICATE_METHOD_MATCH = YES;
				CODE_SIGN_IDENTITY = "iPhone Developer";
				COPY_PHASE_STRIP = NO;
				DEBUG_INFORMATION_FORMAT = dwarf;
				ENABLE_STRICT_OBJC_MSGSEND = YES;
				ENABLE_TESTABILITY = YES;
				GCC_C_LANGUAGE_STANDARD = gnu11;
				GCC_DYNAMIC_NO_PIC = NO;
				GCC_NO_COMMON_BLOCKS = YES;
				GCC_OPTIMIZATION_LEVEL = 0;
				GCC_PREPROCESSOR_DEFINITIONS = (
					"DEBUG=1",
					"$(inherited)",
				);
				GCC_WARN_64_TO_32_BIT_CONVERSION = YES;
				GCC_WARN_ABOUT_RETURN_TYPE = YES_ERROR;
				GCC_WARN_UNDECLARED_SELECTOR = YES;
				GCC_WARN_UNINITIALIZED_AUTOS = YES_AGGRESSIVE;
				GCC_WARN_UNUSED_FUNCTION = YES;
				GCC_WARN_UNUSED_VARIABLE = YES;
				IPHONEOS_DEPLOYMENT_TARGET = 11.1;
				MTL_ENABLE_DEBUG_INFO = YES;
				ONLY_ACTIVE_ARCH = YES;
				SDKROOT = iphoneos;
			};
			name = Debug;
		};
		B0329E39207CAD69007DB9FD /* Release */ = {
			isa = XCBuildConfiguration;
			buildSettings = {
				ALWAYS_SEARCH_USER_PATHS = NO;
				CLANG_ANALYZER_NONNULL = YES;
				CLANG_ANALYZER_NUMBER_OBJECT_CONVERSION = YES_AGGRESSIVE;
				CLANG_CXX_LANGUAGE_STANDARD = "gnu++14";
				CLANG_CXX_LIBRARY = "libc++";
				CLANG_ENABLE_MODULES = YES;
				CLANG_ENABLE_OBJC_ARC = YES;
				CLANG_WARN_BLOCK_CAPTURE_AUTORELEASING = YES;
				CLANG_WARN_BOOL_CONVERSION = YES;
				CLANG_WARN_COMMA = YES;
				CLANG_WARN_CONSTANT_CONVERSION = YES;
				CLANG_WARN_DIRECT_OBJC_ISA_USAGE = YES_ERROR;
				CLANG_WARN_DOCUMENTATION_COMMENTS = YES;
				CLANG_WARN_EMPTY_BODY = YES;
				CLANG_WARN_ENUM_CONVERSION = YES;
				CLANG_WARN_INFINITE_RECURSION = YES;
				CLANG_WARN_INT_CONVERSION = YES;
				CLANG_WARN_NON_LITERAL_NULL_CONVERSION = YES;
				CLANG_WARN_OBJC_LITERAL_CONVERSION = YES;
				CLANG_WARN_OBJC_ROOT_CLASS = YES_ERROR;
				CLANG_WARN_RANGE_LOOP_ANALYSIS = YES;
				CLANG_WARN_STRICT_PROTOTYPES = YES;
				CLANG_WARN_SUSPICIOUS_MOVE = YES;
				CLANG_WARN_UNGUARDED_AVAILABILITY = YES_AGGRESSIVE;
				CLANG_WARN_UNREACHABLE_CODE = YES;
				CLANG_WARN__DUPLICATE_METHOD_MATCH = YES;
				CODE_SIGN_IDENTITY = "iPhone Developer";
				COPY_PHASE_STRIP = NO;
				DEBUG_INFORMATION_FORMAT = "dwarf-with-dsym";
				ENABLE_NS_ASSERTIONS = NO;
				ENABLE_STRICT_OBJC_MSGSEND = YES;
				GCC_C_LANGUAGE_STANDARD = gnu11;
				GCC_NO_COMMON_BLOCKS = YES;
				GCC_WARN_64_TO_32_BIT_CONVERSION = YES;
				GCC_WARN_ABOUT_RETURN_TYPE = YES_ERROR;
				GCC_WARN_UNDECLARED_SELECTOR = YES;
				GCC_WARN_UNINITIALIZED_AUTOS = YES_AGGRESSIVE;
				GCC_WARN_UNUSED_FUNCTION = YES;
				GCC_WARN_UNUSED_VARIABLE = YES;
				IPHONEOS_DEPLOYMENT_TARGET = 11.1;
				MTL_ENABLE_DEBUG_INFO = NO;
				SDKROOT = iphoneos;
				VALIDATE_PRODUCT = YES;
			};
			name = Release;
		};
		B0329E3B207CAD69007DB9FD /* Debug */ = {
			isa = XCBuildConfiguration;
			buildSettings = {
				ASSETCATALOG_COMPILER_APPICON_NAME = AppIcon;
				CODE_SIGN_STYLE = Automatic;
				DEVELOPMENT_TEAM = 4743XBSB5W;
				INFOPLIST_FILE = ZPMAPMDemo/Info.plist;
				LD_RUNPATH_SEARCH_PATHS = "$(inherited) @executable_path/Frameworks";
				PRODUCT_BUNDLE_IDENTIFIER = com.zhaopin.ZPMAPMDemo;
				PRODUCT_NAME = "$(TARGET_NAME)";
				TARGETED_DEVICE_FAMILY = "1,2";
			};
			name = Debug;
		};
		B0329E3C207CAD69007DB9FD /* Release */ = {
			isa = XCBuildConfiguration;
			buildSettings = {
				ASSETCATALOG_COMPILER_APPICON_NAME = AppIcon;
				CODE_SIGN_STYLE = Automatic;
				DEVELOPMENT_TEAM = 4743XBSB5W;
				INFOPLIST_FILE = ZPMAPMDemo/Info.plist;
				LD_RUNPATH_SEARCH_PATHS = "$(inherited) @executable_path/Frameworks";
				PRODUCT_BUNDLE_IDENTIFIER = com.zhaopin.ZPMAPMDemo;
				PRODUCT_NAME = "$(TARGET_NAME)";
				TARGETED_DEVICE_FAMILY = "1,2";
			};
			name = Release;
		};
		B0329E3E207CAD69007DB9FD /* Debug */ = {
			isa = XCBuildConfiguration;
			buildSettings = {
				BUNDLE_LOADER = "$(TEST_HOST)";
				CODE_SIGN_STYLE = Automatic;
				DEVELOPMENT_TEAM = 4743XBSB5W;
				INFOPLIST_FILE = ZPMAPMDemoTests/Info.plist;
				LD_RUNPATH_SEARCH_PATHS = "$(inherited) @executable_path/Frameworks @loader_path/Frameworks";
				PRODUCT_BUNDLE_IDENTIFIER = com.zhaopin.ZPMAPMDemoTests;
				PRODUCT_NAME = "$(TARGET_NAME)";
				TARGETED_DEVICE_FAMILY = "1,2";
				TEST_HOST = "$(BUILT_PRODUCTS_DIR)/ZPMAPMDemo.app/ZPMAPMDemo";
			};
			name = Debug;
		};
		B0329E3F207CAD69007DB9FD /* Release */ = {
			isa = XCBuildConfiguration;
			buildSettings = {
				BUNDLE_LOADER = "$(TEST_HOST)";
				CODE_SIGN_STYLE = Automatic;
				DEVELOPMENT_TEAM = 4743XBSB5W;
				INFOPLIST_FILE = ZPMAPMDemoTests/Info.plist;
				LD_RUNPATH_SEARCH_PATHS = "$(inherited) @executable_path/Frameworks @loader_path/Frameworks";
				PRODUCT_BUNDLE_IDENTIFIER = com.zhaopin.ZPMAPMDemoTests;
				PRODUCT_NAME = "$(TARGET_NAME)";
				TARGETED_DEVICE_FAMILY = "1,2";
				TEST_HOST = "$(BUILT_PRODUCTS_DIR)/ZPMAPMDemo.app/ZPMAPMDemo";
			};
			name = Release;
		};
/* End XCBuildConfiguration section */

/* Begin XCConfigurationList section */
		B0329E14207CAD69007DB9FD /* Build configuration list for PBXProject "ZPMAPMDemo" */ = {
			isa = XCConfigurationList;
			buildConfigurations = (
				B0329E38207CAD69007DB9FD /* Debug */,
				B0329E39207CAD69007DB9FD /* Release */,
			);
			defaultConfigurationIsVisible = 0;
			defaultConfigurationName = Release;
		};
		B0329E3A207CAD69007DB9FD /* Build configuration list for PBXNativeTarget "ZPMAPMDemo" */ = {
			isa = XCConfigurationList;
			buildConfigurations = (
				B0329E3B207CAD69007DB9FD /* Debug */,
				B0329E3C207CAD69007DB9FD /* Release */,
			);
			defaultConfigurationIsVisible = 0;
			defaultConfigurationName = Release;
		};
		B0329E3D207CAD69007DB9FD /* Build configuration list for PBXNativeTarget "ZPMAPMDemoTests" */ = {
			isa = XCConfigurationList;
			buildConfigurations = (
				B0329E3E207CAD69007DB9FD /* Debug */,
				B0329E3F207CAD69007DB9FD /* Release */,
			);
			defaultConfigurationIsVisible = 0;
			defaultConfigurationName = Release;
		};
/* End XCConfigurationList section */
	};
	rootObject = B0329E11207CAD69007DB9FD /* Project object */;
}
